<?xml version="1.0" encoding="utf-8"?>
<Project ToolsVersion="4.0" xmlns="http://schemas.microsoft.com/developer/msbuild/2003">
  <ItemGroup>
    <Filter Include="Source Files">
      <UniqueIdentifier>{4FC737F1-C7A5-4376-A066-2A32D752A2FF}</UniqueIdentifier>
      <Extensions>cpp;c;cxx;def;odl;idl;hpj;bat;asm;asmx</Extensions>
    </Filter>
    <Filter Include="Header Files">
      <UniqueIdentifier>{93995380-89BD-4b04-88EB-625FBE52EBFB}</UniqueIdentifier>
      <Extensions>h;hpp;hxx;hm;inl;inc;xsd</Extensions>
    </Filter>
    <Filter Include="Header Files\Games">
      <UniqueIdentifier>{ff683bb1-2366-40b2-922a-d81d8da84195}</UniqueIdentifier>
    </Filter>
    <Filter Include="Source Files\Games">
      <UniqueIdentifier>{5053886c-0fb2-4b1d-b817-3336bdd0968f}</UniqueIdentifier>
    </Filter>
  </ItemGroup>
  <ItemGroup>
    <None Include="ReadMe.txt" />
    <None Include="solacev2.xml" />
  </ItemGroup>
  <ItemGroup>
    <ClInclude Include="stdafx.h">
      <Filter>Header Files</Filter>
    </ClInclude>
    <ClInclude Include="xamUtils.h">
      <Filter>Header Files</Filter>
    </ClInclude>
    <ClInclude Include="formatUtils.h">
      <Filter>Header Files</Filter>
    </ClInclude>
    <ClInclude Include="memUtils.h">
      <Filter>Header Files</Filter>
    </ClInclude>
    <ClInclude Include="Dash.h">
      <Filter>Header Files\Games</Filter>
    </ClInclude>
    <ClInclude Include="SolaceV2.h">
      <Filter>Header Files</Filter>
    </ClInclude>
    <ClInclude Include="Crackdown2.h">
      <Filter>Header Files\Games</Filter>
    </ClInclude>
  </ItemGroup>
  <ItemGroup>
    <ClCompile Include="stdafx.cpp">
      <Filter>Source Files</Filter>
    </ClCompile>
    <ClCompile Include="SolaceV2.cpp">
      <Filter>Source Files</Filter>
    </ClCompile>
    <ClCompile Include="xamUtils.cpp">
      <Filter>Source Files</Filter>
    </ClCompile>
    <ClCompile Include="formatUtils.cpp">
      <Filter>Source Files</Filter>
    </ClCompile>
    <ClCompile Include="memUtils.cpp">
      <Filter>Source Files</Filter>
    </ClCompile>
    <ClCompile Include="Dash.cpp">
      <Filter>Source Files\Games</Filter>
    </ClCompile>
    <ClCompile Include="Crackdown2.cpp">
      <Filter>Source Files\Games</Filter>
    </ClCompile>
  </ItemGroup>
</Project>